
Microsoft Visual Studio Solution File, Format Version 12.00
# Visual Studio 15
VisualStudioVersion = 15.0.27703.2000
MinimumVisualStudioVersion = 10.0.40219.1
Project("{9A19103F-16F7-4668-BE54-9A1E7A4F7556}") = "Library.WEB", "Library.WEB.csproj", "{DADD302E-DE4E-4149-A214-E157BADDBE58}"
EndProject
Project("{FAE04EC0-301F-11D3-BF4B-00C04F79EFBC}") = "Library.Models", "..\Library.Models\Library.Models.csproj", "{9EEE9D0C-2844-47B4-B393-42AEA24CFFC4}"
EndProject
Project("{FAE04EC0-301F-11D3-BF4B-00C04F79EFBC}") = "Library.Enums", "..\Library.Enums\Library.Enums.csproj", "{ECB59E0B-0A60-4DC7-A140-7D6AF56703D4}"
EndProject
Project("{FAE04EC0-301F-11D3-BF4B-00C04F79EFBC}") = "Library.ViewModels", "..\Library.ViewModels\Library.ViewModels.csproj", "{8E8388A0-FD90-4437-A160-A9231D7C4DF9}"
EndProject
Project("{FAE04EC0-301F-11D3-BF4B-00C04F79EFBC}") = "Library.DAL", "..\Library.DAL\Library.DAL.csproj", "{0A2BC1A5-D1B8-483C-B96C-B6852C306CD1}"
EndProject
Project("{FAE04EC0-301F-11D3-BF4B-00C04F79EFBC}") = "Library.BLL", "..\Library.BLL\Library.BLL.csproj", "{4D243D66-FCB5-4814-86BC-7D4EC3835D82}"
EndProject
Global
	GlobalSection(SolutionConfigurationPlatforms) = preSolution
		Debug|Any CPU = Debug|Any CPU
		Release|Any CPU = Release|Any CPU
	EndGlobalSection
	GlobalSection(ProjectConfigurationPlatforms) = postSolution
		{DADD302E-DE4E-4149-A214-E157BADDBE58}.Debug|Any CPU.ActiveCfg = Debug|Any CPU
		{DADD302E-DE4E-4149-A214-E157BADDBE58}.Debug|Any CPU.Build.0 = Debug|Any CPU
		{DADD302E-DE4E-4149-A214-E157BADDBE58}.Release|Any CPU.ActiveCfg = Release|Any CPU
		{DADD302E-DE4E-4149-A214-E157BADDBE58}.Release|Any CPU.Build.0 = Release|Any CPU
		{9EEE9D0C-2844-47B4-B393-42AEA24CFFC4}.Debug|Any CPU.ActiveCfg = Debug|Any CPU
		{9EEE9D0C-2844-47B4-B393-42AEA24CFFC4}.Debug|Any CPU.Build.0 = Debug|Any CPU
		{9EEE9D0C-2844-47B4-B393-42AEA24CFFC4}.Release|Any CPU.ActiveCfg = Release|Any CPU
		{9EEE9D0C-2844-47B4-B393-42AEA24CFFC4}.Release|Any CPU.Build.0 = Release|Any CPU
		{ECB59E0B-0A60-4DC7-A140-7D6AF56703D4}.Debug|Any CPU.ActiveCfg = Debug|Any CPU
		{ECB59E0B-0A60-4DC7-A140-7D6AF56703D4}.Debug|Any CPU.Build.0 = Debug|Any CPU
		{ECB59E0B-0A60-4DC7-A140-7D6AF56703D4}.Release|Any CPU.ActiveCfg = Release|Any CPU
		{ECB59E0B-0A60-4DC7-A140-7D6AF56703D4}.Release|Any CPU.Build.0 = Release|Any CPU
		{8E8388A0-FD90-4437-A160-A9231D7C4DF9}.Debug|Any CPU.ActiveCfg = Debug|Any CPU
		{8E8388A0-FD90-4437-A160-A9231D7C4DF9}.Debug|Any CPU.Build.0 = Debug|Any CPU
		{8E8388A0-FD90-4437-A160-A9231D7C4DF9}.Release|Any CPU.ActiveCfg = Release|Any CPU
		{8E8388A0-FD90-4437-A160-A9231D7C4DF9}.Release|Any CPU.Build.0 = Release|Any CPU
		{0A2BC1A5-D1B8-483C-B96C-B6852C306CD1}.Debug|Any CPU.ActiveCfg = Debug|Any CPU
		{0A2BC1A5-D1B8-483C-B96C-B6852C306CD1}.Debug|Any CPU.Build.0 = Debug|Any CPU
		{0A2BC1A5-D1B8-483C-B96C-B6852C306CD1}.Release|Any CPU.ActiveCfg = Release|Any CPU
		{0A2BC1A5-D1B8-483C-B96C-B6852C306CD1}.Release|Any CPU.Build.0 = Release|Any CPU
		{4D243D66-FCB5-4814-86BC-7D4EC3835D82}.Debug|Any CPU.ActiveCfg = Debug|Any CPU
		{4D243D66-FCB5-4814-86BC-7D4EC3835D82}.Debug|Any CPU.Build.0 = Debug|Any CPU
		{4D243D66-FCB5-4814-86BC-7D4EC3835D82}.Release|Any CPU.ActiveCfg = Release|Any CPU
		{4D243D66-FCB5-4814-86BC-7D4EC3835D82}.Release|Any CPU.Build.0 = Release|Any CPU
	EndGlobalSection
	GlobalSection(SolutionProperties) = preSolution
		HideSolutionNode = FALSE
	EndGlobalSection
	GlobalSection(ExtensibilityGlobals) = postSolution
		SolutionGuid = {5F67B63D-E5A9-4E78-ABC1-FAECC8A49680}
	EndGlobalSection
EndGlobal
